
Microsoft Visual Studio Solution File, Format Version 10.00
# Visual Studio 2008
Project("{FAE04EC0-301F-11D3-BF4B-00C04F79EFBC}") = "senditquiet", "senditquiet\senditquiet.csproj", "{5B8FE672-EDC5-450F-B88E-06F8BD084425}"
EndProject
Global
	GlobalSection(SubversionScc) = preSolution
		Svn-Managed = True
		Manager = AnkhSVN - Subversion Support for Visual Studio
	EndGlobalSection
	GlobalSection(SolutionConfigurationPlatforms) = preSolution
		Debug|Any CPU = Debug|Any CPU
		Release|Any CPU = Release|Any CPU
	EndGlobalSection
	GlobalSection(ProjectConfigurationPlatforms) = postSolution
		{5B8FE672-EDC5-450F-B88E-06F8BD084425}.Debug|Any CPU.ActiveCfg = Debug|Any CPU
		{5B8FE672-EDC5-450F-B88E-06F8BD084425}.Debug|Any CPU.Build.0 = Debug|Any CPU
		{5B8FE672-EDC5-450F-B88E-06F8BD084425}.Release|Any CPU.ActiveCfg = Release|Any CPU
		{5B8FE672-EDC5-450F-B88E-06F8BD084425}.Release|Any CPU.Build.0 = Release|Any CPU
	EndGlobalSection
	GlobalSection(SolutionProperties) = preSolution
		HideSolutionNode = FALSE
	EndGlobalSection
EndGlobal
